
Microsoft Visual Studio Solution File, Format Version 12.00
# Visual Studio 15
Project("{FAE04EC0-301F-11D3-BF4B-00C04F79EFBC}") = "Assembly-CSharp", "Assembly-CSharp.csproj", "{358CAD3D-2922-0D75-AEF5-56BD665F7B1A}"
EndProject
Global
	GlobalSection(SolutionConfigurationPlatforms) = preSolution
		Debug|Any CPU = Debug|Any CPU
		Release|Any CPU = Release|Any CPU
	EndGlobalSection
	GlobalSection(ProjectConfigurationPlatforms) = postSolution
		{358CAD3D-2922-0D75-AEF5-56BD665F7B1A}.Debug|Any CPU.ActiveCfg = Debug|Any CPU
		{358CAD3D-2922-0D75-AEF5-56BD665F7B1A}.Debug|Any CPU.Build.0 = Debug|Any CPU
		{358CAD3D-2922-0D75-AEF5-56BD665F7B1A}.Release|Any CPU.ActiveCfg = Release|Any CPU
		{358CAD3D-2922-0D75-AEF5-56BD665F7B1A}.Release|Any CPU.Build.0 = Release|Any CPU
	EndGlobalSection
	GlobalSection(SolutionProperties) = preSolution
		HideSolutionNode = FALSE
	EndGlobalSection
EndGlobal
